// !$*UTF8*$!
{
	archiveVersion = 1;
	classes = {
	};
	objectVersion = 51;
	objects = {

/* Begin PBXBuildFile section */
		23BE2D952245B7BB0074E85D /* AppDelegate.swift in Sources */ = {isa = PBXBuildFile; fileRef = 23BE2D942245B7BB0074E85D /* AppDelegate.swift */; };
		23BE2D972245B7BB0074E85D /* Assets.xcassets in Resources */ = {isa = PBXBuildFile; fileRef = 23BE2D962245B7BB0074E85D /* Assets.xcassets */; };
		23BE2D9A2245B7BC0074E85D /* MainMenu.xib in Resources */ = {isa = PBXBuildFile; fileRef = 23BE2D982245B7BC0074E85D /* MainMenu.xib */; };
		263F742C6ECAF7D3155FD086 /* Pods_ColorPickerTestApp.framework in Frameworks */ = {isa = PBXBuildFile; fileRef = DB9926B781DA670751750E26 /* Pods_ColorPickerTestApp.framework */; };
/* End PBXBuildFile section */

/* Begin PBXCopyFilesBuildPhase section */
		23B19A3C22486748004FD299 /* CopyFiles */ = {
			isa = PBXCopyFilesBuildPhase;
			buildActionMask = 2147483647;
			dstPath = "";
			dstSubfolderSpec = 10;
			files = (
			);
			runOnlyForDeploymentPostprocessing = 0;
		};
/* End PBXCopyFilesBuildPhase section */

/* Begin PBXFileReference section */
		23BE2D922245B7BB0074E85D /* ColorPickerTestApp.app */ = {isa = PBXFileReference; explicitFileType = wrapper.application; includeInIndex = 0; path = ColorPickerTestApp.app; sourceTree = BUILT_PRODUCTS_DIR; };
		23BE2D942245B7BB0074E85D /* AppDelegate.swift */ = {isa = PBXFileReference; lastKnownFileType = sourcecode.swift; path = AppDelegate.swift; sourceTree = "<group>"; };
		23BE2D962245B7BB0074E85D /* Assets.xcassets */ = {isa = PBXFileReference; lastKnownFileType = folder.assetcatalog; path = Assets.xcassets; sourceTree = "<group>"; };
		23BE2D992245B7BC0074E85D /* Base */ = {isa = PBXFileReference; lastKnownFileType = file.xib; name = Base; path = Base.lproj/MainMenu.xib; sourceTree = "<group>"; };
		23BE2D9B2245B7BC0074E85D /* Info.plist */ = {isa = PBXFileReference; lastKnownFileType = text.plist.xml; path = Info.plist; sourceTree = "<group>"; };
		23BE2D9C2245B7BC0074E85D /* ColorPickerTestApp.entitlements */ = {isa = PBXFileReference; lastKnownFileType = text.plist.entitlements; path = ColorPickerTestApp.entitlements; sourceTree = "<group>"; };
		62AAA7BBAD4CFDE79B98D16F /* Pods-ColorPickerTestApp.debug.xcconfig */ = {isa = PBXFileReference; includeInIndex = 1; lastKnownFileType = text.xcconfig; name = "Pods-ColorPickerTestApp.debug.xcconfig"; path = "Target Support Files/Pods-ColorPickerTestApp/Pods-ColorPickerTestApp.debug.xcconfig"; sourceTree = "<group>"; };
		D55FC8EA235D9717E55679A6 /* Pods-ColorPickerTestApp.release.xcconfig */ = {isa = PBXFileReference; includeInIndex = 1; lastKnownFileType = text.xcconfig; name = "Pods-ColorPickerTestApp.release.xcconfig"; path = "Target Support Files/Pods-ColorPickerTestApp/Pods-ColorPickerTestApp.release.xcconfig"; sourceTree = "<group>"; };
		DB9926B781DA670751750E26 /* Pods_ColorPickerTestApp.framework */ = {isa = PBXFileReference; explicitFileType = wrapper.framework; includeInIndex = 0; path = Pods_ColorPickerTestApp.framework; sourceTree = BUILT_PRODUCTS_DIR; };
/* End PBXFileReference section */

/* Begin PBXFrameworksBuildPhase section */
		23BE2D8F2245B7BB0074E85D /* Frameworks */ = {
			isa = PBXFrameworksBuildPhase;
			buildActionMask = 2147483647;
			files = (
				263F742C6ECAF7D3155FD086 /* Pods_ColorPickerTestApp.framework in Frameworks */,
			);
			runOnlyForDeploymentPostprocessing = 0;
		};
/* End PBXFrameworksBuildPhase section */

/* Begin PBXGroup section */
		23BE2D662245AD850074E85D = {
			isa = PBXGroup;
			children = (
				23BE2D932245B7BB0074E85D /* ColorPickerTestApp */,
				23BE2D712245AD850074E85D /* Products */,
				23BE2DA02245B7C50074E85D /* Frameworks */,
				C7F41B05B8BCE282818D7C9F /* Pods */,
			);
			sourceTree = "<group>";
		};
		23BE2D712245AD850074E85D /* Products */ = {
			isa = PBXGroup;
			children = (
				23BE2D922245B7BB0074E85D /* ColorPickerTestApp.app */,
			);
			name = Products;
			sourceTree = "<group>";
		};
		23BE2D932245B7BB0074E85D /* ColorPickerTestApp */ = {
			isa = PBXGroup;
			children = (
				23BE2D942245B7BB0074E85D /* AppDelegate.swift */,
				23BE2D962245B7BB0074E85D /* Assets.xcassets */,
				23BE2D982245B7BC0074E85D /* MainMenu.xib */,
				23BE2D9B2245B7BC0074E85D /* Info.plist */,
				23BE2D9C2245B7BC0074E85D /* ColorPickerTestApp.entitlements */,
			);
			path = ColorPickerTestApp;
			sourceTree = "<group>";
		};
		23BE2DA02245B7C50074E85D /* Frameworks */ = {
			isa = PBXGroup;
			children = (
				DB9926B781DA670751750E26 /* Pods_ColorPickerTestApp.framework */,
			);
			name = Frameworks;
			sourceTree = "<group>";
		};
		C7F41B05B8BCE282818D7C9F /* Pods */ = {
			isa = PBXGroup;
			children = (
				62AAA7BBAD4CFDE79B98D16F /* Pods-ColorPickerTestApp.debug.xcconfig */,
				D55FC8EA235D9717E55679A6 /* Pods-ColorPickerTestApp.release.xcconfig */,
			);
			path = Pods;
			sourceTree = "<group>";
		};
/* End PBXGroup section */

/* Begin PBXNativeTarget section */
		23BE2D912245B7BB0074E85D /* ColorPickerTestApp */ = {
			isa = PBXNativeTarget;
			buildConfigurationList = 23BE2D9D2245B7BC0074E85D /* Build configuration list for PBXNativeTarget "ColorPickerTestApp" */;
			buildPhases = (
				E489057B5C349C6C09031F73 /* [CP] Check Pods Manifest.lock */,
				23BE2D8E2245B7BB0074E85D /* Sources */,
				23BE2D8F2245B7BB0074E85D /* Frameworks */,
				23BE2D902245B7BB0074E85D /* Resources */,
				23B19A3C22486748004FD299 /* CopyFiles */,
				AB4599595161BD8A44AA4FD2 /* [CP] Embed Pods Frameworks */,
			);
			buildRules = (
			);
			dependencies = (
			);
			name = ColorPickerTestApp;
			productName = ColorPickerTestApp;
			productReference = 23BE2D922245B7BB0074E85D /* ColorPickerTestApp.app */;
			productType = "com.apple.product-type.application";
		};
/* End PBXNativeTarget section */

/* Begin PBXProject section */
		23BE2D672245AD850074E85D /* Project object */ = {
			isa = PBXProject;
			attributes = {
				LastSwiftUpdateCheck = 1010;
				LastUpgradeCheck = 1010;
				ORGANIZATIONNAME = "Darren Ford";
				TargetAttributes = {
					23BE2D912245B7BB0074E85D = {
						CreatedOnToolsVersion = 10.1;
					};
				};
			};
			buildConfigurationList = 23BE2D6A2245AD850074E85D /* Build configuration list for PBXProject "DSFColorSampler" */;
			compatibilityVersion = "Xcode 9.3";
			developmentRegion = en;
			hasScannedForEncodings = 0;
			knownRegions = (
				en,
				Base,
			);
			mainGroup = 23BE2D662245AD850074E85D;
			productRefGroup = 23BE2D712245AD850074E85D /* Products */;
			projectDirPath = "";
			projectRoot = "";
			targets = (
				23BE2D912245B7BB0074E85D /* ColorPickerTestApp */,
			);
		};
/* End PBXProject section */

/* Begin PBXResourcesBuildPhase section */
		23BE2D902245B7BB0074E85D /* Resources */ = {
			isa = PBXResourcesBuildPhase;
			buildActionMask = 2147483647;
			files = (
				23BE2D972245B7BB0074E85D /* Assets.xcassets in Resources */,
				23BE2D9A2245B7BC0074E85D /* MainMenu.xib in Resources */,
			);
			runOnlyForDeploymentPostprocessing = 0;
		};
/* End PBXResourcesBuildPhase section */

/* Begin PBXShellScriptBuildPhase section */
		AB4599595161BD8A44AA4FD2 /* [CP] Embed Pods Frameworks */ = {
			isa = PBXShellScriptBuildPhase;
			buildActionMask = 2147483647;
			files = (
			);
			inputFileListPaths = (
				"${PODS_ROOT}/Target Support Files/Pods-ColorPickerTestApp/Pods-ColorPickerTestApp-frameworks-${CONFIGURATION}-input-files.xcfilelist",
			);
			name = "[CP] Embed Pods Frameworks";
			outputFileListPaths = (
				"${PODS_ROOT}/Target Support Files/Pods-ColorPickerTestApp/Pods-ColorPickerTestApp-frameworks-${CONFIGURATION}-output-files.xcfilelist",
			);
			runOnlyForDeploymentPostprocessing = 0;
			shellPath = /bin/sh;
			shellScript = "\"${PODS_ROOT}/Target Support Files/Pods-ColorPickerTestApp/Pods-ColorPickerTestApp-frameworks.sh\"\n";
			showEnvVarsInLog = 0;
		};
		E489057B5C349C6C09031F73 /* [CP] Check Pods Manifest.lock */ = {
			isa = PBXShellScriptBuildPhase;
			buildActionMask = 2147483647;
			files = (
			);
			inputFileListPaths = (
			);
			inputPaths = (
				"${PODS_PODFILE_DIR_PATH}/Podfile.lock",
				"${PODS_ROOT}/Manifest.lock",
			);
			name = "[CP] Check Pods Manifest.lock";
			outputFileListPaths = (
			);
			outputPaths = (
				"$(DERIVED_FILE_DIR)/Pods-ColorPickerTestApp-checkManifestLockResult.txt",
			);
			runOnlyForDeploymentPostprocessing = 0;
			shellPath = /bin/sh;
			shellScript = "diff \"${PODS_PODFILE_DIR_PATH}/Podfile.lock\" \"${PODS_ROOT}/Manifest.lock\" > /dev/null\nif [ $? != 0 ] ; then\n    # print error to STDERR\n    echo \"error: The sandbox is not in sync with the Podfile.lock. Run 'pod install' or update your CocoaPods installation.\" >&2\n    exit 1\nfi\n# This output is used by Xcode 'outputs' to avoid re-running this script phase.\necho \"SUCCESS\" > \"${SCRIPT_OUTPUT_FILE_0}\"\n";
			showEnvVarsInLog = 0;
		};
/* End PBXShellScriptBuildPhase section */

/* Begin PBXSourcesBuildPhase section */
		23BE2D8E2245B7BB0074E85D /* Sources */ = {
			isa = PBXSourcesBuildPhase;
			buildActionMask = 2147483647;
			files = (
				23BE2D952245B7BB0074E85D /* AppDelegate.swift in Sources */,
			);
			runOnlyForDeploymentPostprocessing = 0;
		};
/* End PBXSourcesBuildPhase section */

/* Begin PBXVariantGroup section */
		23BE2D982245B7BC0074E85D /* MainMenu.xib */ = {
			isa = PBXVariantGroup;
			children = (
				23BE2D992245B7BC0074E85D /* Base */,
			);
			name = MainMenu.xib;
			sourceTree = "<group>";
		};
/* End PBXVariantGroup section */

/* Begin XCBuildConfiguration section */
		23BE2D822245AD850074E85D /* Debug */ = {
			isa = XCBuildConfiguration;
			buildSettings = {
				ALWAYS_SEARCH_USER_PATHS = NO;
				CLANG_ANALYZER_NONNULL = YES;
				CLANG_ANALYZER_NUMBER_OBJECT_CONVERSION = YES_AGGRESSIVE;
				CLANG_CXX_LANGUAGE_STANDARD = "gnu++14";
				CLANG_CXX_LIBRARY = "libc++";
				CLANG_ENABLE_MODULES = YES;
				CLANG_ENABLE_OBJC_ARC = YES;
				CLANG_ENABLE_OBJC_WEAK = YES;
				CLANG_WARN_BLOCK_CAPTURE_AUTORELEASING = YES;
				CLANG_WARN_BOOL_CONVERSION = YES;
				CLANG_WARN_COMMA = YES;
				CLANG_WARN_CONSTANT_CONVERSION = YES;
				CLANG_WARN_DEPRECATED_OBJC_IMPLEMENTATIONS = YES;
				CLANG_WARN_DIRECT_OBJC_ISA_USAGE = YES_ERROR;
				CLANG_WARN_DOCUMENTATION_COMMENTS = YES;
				CLANG_WARN_EMPTY_BODY = YES;
				CLANG_WARN_ENUM_CONVERSION = YES;
				CLANG_WARN_INFINITE_RECURSION = YES;
				CLANG_WARN_INT_CONVERSION = YES;
				CLANG_WARN_NON_LITERAL_NULL_CONVERSION = YES;
				CLANG_WARN_OBJC_IMPLICIT_RETAIN_SELF = YES;
				CLANG_WARN_OBJC_LITERAL_CONVERSION = YES;
				CLANG_WARN_OBJC_ROOT_CLASS = YES_ERROR;
				CLANG_WARN_RANGE_LOOP_ANALYSIS = YES;
				CLANG_WARN_STRICT_PROTOTYPES = YES;
				CLANG_WARN_SUSPICIOUS_MOVE = YES;
				CLANG_WARN_UNGUARDED_AVAILABILITY = YES_AGGRESSIVE;
				CLANG_WARN_UNREACHABLE_CODE = YES;
				CLANG_WARN__DUPLICATE_METHOD_MATCH = YES;
				CODE_SIGN_IDENTITY = "Mac Developer";
				COPY_PHASE_STRIP = NO;
				CURRENT_PROJECT_VERSION = 1;
				DEBUG_INFORMATION_FORMAT = dwarf;
				ENABLE_STRICT_OBJC_MSGSEND = YES;
				ENABLE_TESTABILITY = YES;
				GCC_C_LANGUAGE_STANDARD = gnu11;
				GCC_DYNAMIC_NO_PIC = NO;
				GCC_NO_COMMON_BLOCKS = YES;
				GCC_OPTIMIZATION_LEVEL = 0;
				GCC_PREPROCESSOR_DEFINITIONS = (
					"DEBUG=1",
					"$(inherited)",
				);
				GCC_WARN_64_TO_32_BIT_CONVERSION = YES;
				GCC_WARN_ABOUT_RETURN_TYPE = YES_ERROR;
				GCC_WARN_UNDECLARED_SELECTOR = YES;
				GCC_WARN_UNINITIALIZED_AUTOS = YES_AGGRESSIVE;
				GCC_WARN_UNUSED_FUNCTION = YES;
				GCC_WARN_UNUSED_VARIABLE = YES;
				MACOSX_DEPLOYMENT_TARGET = 10.9;
				MTL_ENABLE_DEBUG_INFO = INCLUDE_SOURCE;
				MTL_FAST_MATH = YES;
				ONLY_ACTIVE_ARCH = YES;
				SDKROOT = macosx;
				SWIFT_ACTIVE_COMPILATION_CONDITIONS = DEBUG;
				SWIFT_OPTIMIZATION_LEVEL = "-Onone";
				SWIFT_VERSION = 5.0;
				VERSIONING_SYSTEM = "apple-generic";
				VERSION_INFO_PREFIX = "";
			};
			name = Debug;
		};
		23BE2D832245AD850074E85D /* Release */ = {
			isa = XCBuildConfiguration;
			buildSettings = {
				ALWAYS_SEARCH_USER_PATHS = NO;
				CLANG_ANALYZER_NONNULL = YES;
				CLANG_ANALYZER_NUMBER_OBJECT_CONVERSION = YES_AGGRESSIVE;
				CLANG_CXX_LANGUAGE_STANDARD = "gnu++14";
				CLANG_CXX_LIBRARY = "libc++";
				CLANG_ENABLE_MODULES = YES;
				CLANG_ENABLE_OBJC_ARC = YES;
				CLANG_ENABLE_OBJC_WEAK = YES;
				CLANG_WARN_BLOCK_CAPTURE_AUTORELEASING = YES;
				CLANG_WARN_BOOL_CONVERSION = YES;
				CLANG_WARN_COMMA = YES;
				CLANG_WARN_CONSTANT_CONVERSION = YES;
				CLANG_WARN_DEPRECATED_OBJC_IMPLEMENTATIONS = YES;
				CLANG_WARN_DIRECT_OBJC_ISA_USAGE = YES_ERROR;
				CLANG_WARN_DOCUMENTATION_COMMENTS = YES;
				CLANG_WARN_EMPTY_BODY = YES;
				CLANG_WARN_ENUM_CONVERSION = YES;
				CLANG_WARN_INFINITE_RECURSION = YES;
				CLANG_WARN_INT_CONVERSION = YES;
				CLANG_WARN_NON_LITERAL_NULL_CONVERSION = YES;
				CLANG_WARN_OBJC_IMPLICIT_RETAIN_SELF = YES;
				CLANG_WARN_OBJC_LITERAL_CONVERSION = YES;
				CLANG_WARN_OBJC_ROOT_CLASS = YES_ERROR;
				CLANG_WARN_RANGE_LOOP_ANALYSIS = YES;
				CLANG_WARN_STRICT_PROTOTYPES = YES;
				CLANG_WARN_SUSPICIOUS_MOVE = YES;
				CLANG_WARN_UNGUARDED_AVAILABILITY = YES_AGGRESSIVE;
				CLANG_WARN_UNREACHABLE_CODE = YES;
				CLANG_WARN__DUPLICATE_METHOD_MATCH = YES;
				CODE_SIGN_IDENTITY = "Mac Developer";
				COPY_PHASE_STRIP = NO;
				CURRENT_PROJECT_VERSION = 1;
				DEBUG_INFORMATION_FORMAT = "dwarf-with-dsym";
				ENABLE_NS_ASSERTIONS = NO;
				ENABLE_STRICT_OBJC_MSGSEND = YES;
				GCC_C_LANGUAGE_STANDARD = gnu11;
				GCC_NO_COMMON_BLOCKS = YES;
				GCC_WARN_64_TO_32_BIT_CONVERSION = YES;
				GCC_WARN_ABOUT_RETURN_TYPE = YES_ERROR;
				GCC_WARN_UNDECLARED_SELECTOR = YES;
				GCC_WARN_UNINITIALIZED_AUTOS = YES_AGGRESSIVE;
				GCC_WARN_UNUSED_FUNCTION = YES;
				GCC_WARN_UNUSED_VARIABLE = YES;
				MACOSX_DEPLOYMENT_TARGET = 10.9;
				MTL_ENABLE_DEBUG_INFO = NO;
				MTL_FAST_MATH = YES;
				SDKROOT = macosx;
				SWIFT_COMPILATION_MODE = wholemodule;
				SWIFT_OPTIMIZATION_LEVEL = "-O";
				SWIFT_VERSION = 5.0;
				VERSIONING_SYSTEM = "apple-generic";
				VERSION_INFO_PREFIX = "";
			};
			name = Release;
		};
		23BE2D9E2245B7BC0074E85D /* Debug */ = {
			isa = XCBuildConfiguration;
			baseConfigurationReference = 62AAA7BBAD4CFDE79B98D16F /* Pods-ColorPickerTestApp.debug.xcconfig */;
			buildSettings = {
				ASSETCATALOG_COMPILER_APPICON_NAME = AppIcon;
				CODE_SIGN_ENTITLEMENTS = ColorPickerTestApp/ColorPickerTestApp.entitlements;
				CODE_SIGN_STYLE = Automatic;
				COMBINE_HIDPI_IMAGES = YES;
				DEVELOPMENT_TEAM = 3L6RK3LGGW;
				INFOPLIST_FILE = ColorPickerTestApp/Info.plist;
				LD_RUNPATH_SEARCH_PATHS = (
					"$(inherited)",
					"@executable_path/../Frameworks",
				);
				MACOSX_DEPLOYMENT_TARGET = 10.9;
				PRODUCT_BUNDLE_IDENTIFIER = com.darrenford.demo.ColorPickerTestApp;
				PRODUCT_NAME = "$(TARGET_NAME)";
				SWIFT_VERSION = 4.2;
			};
			name = Debug;
		};
		23BE2D9F2245B7BC0074E85D /* Release */ = {
			isa = XCBuildConfiguration;
			baseConfigurationReference = D55FC8EA235D9717E55679A6 /* Pods-ColorPickerTestApp.release.xcconfig */;
			buildSettings = {
				ASSETCATALOG_COMPILER_APPICON_NAME = AppIcon;
				CODE_SIGN_ENTITLEMENTS = ColorPickerTestApp/ColorPickerTestApp.entitlements;
				CODE_SIGN_STYLE = Automatic;
				COMBINE_HIDPI_IMAGES = YES;
				DEVELOPMENT_TEAM = 3L6RK3LGGW;
				INFOPLIST_FILE = ColorPickerTestApp/Info.plist;
				LD_RUNPATH_SEARCH_PATHS = (
					"$(inherited)",
					"@executable_path/../Frameworks",
				);
				MACOSX_DEPLOYMENT_TARGET = 10.9;
				PRODUCT_BUNDLE_IDENTIFIER = com.darrenford.demo.ColorPickerTestApp;
				PRODUCT_NAME = "$(TARGET_NAME)";
				SWIFT_VERSION = 4.2;
			};
			name = Release;
		};
/* End XCBuildConfiguration section */

/* Begin XCConfigurationList section */
		23BE2D6A2245AD850074E85D /* Build configuration list for PBXProject "DSFColorSampler" */ = {
			isa = XCConfigurationList;
			buildConfigurations = (
				23BE2D822245AD850074E85D /* Debug */,
				23BE2D832245AD850074E85D /* Release */,
			);
			defaultConfigurationIsVisible = 0;
			defaultConfigurationName = Release;
		};
		23BE2D9D2245B7BC0074E85D /* Build configuration list for PBXNativeTarget "ColorPickerTestApp" */ = {
			isa = XCConfigurationList;
			buildConfigurations = (
				23BE2D9E2245B7BC0074E85D /* Debug */,
				23BE2D9F2245B7BC0074E85D /* Release */,
			);
			defaultConfigurationIsVisible = 0;
			defaultConfigurationName = Release;
		};
/* End XCConfigurationList section */
	};
	rootObject = 23BE2D672245AD850074E85D /* Project object */;
}
